
Microsoft Visual Studio Solution File, Format Version 12.00
# Visual Studio Version 16
VisualStudioVersion = 16.0.31729.503
MinimumVisualStudioVersion = 10.0.40219.1
Project("{FAE04EC0-301F-11D3-BF4B-00C04F79EFBC}") = "Mazelike.Android", "Mazelike\Mazelike.Android\Mazelike.Android.csproj", "{FE124805-9A30-4D70-A8D7-290B24564AB2}"
EndProject
Project("{FAE04EC0-301F-11D3-BF4B-00C04F79EFBC}") = "Mazelike.iOS", "Mazelike\Mazelike.iOS\Mazelike.iOS.csproj", "{4A296DC9-E214-4AB1-882C-97E2C50E476B}"
EndProject
Project("{FAE04EC0-301F-11D3-BF4B-00C04F79EFBC}") = "Mazelike", "Mazelike\Mazelike\Mazelike.csproj", "{87D70EFB-5FE3-4A6E-8E42-A3CC29B55E57}"
EndProject
Global
	GlobalSection(SolutionConfigurationPlatforms) = preSolution
		Debug|Any CPU = Debug|Any CPU
		Debug|iPhone = Debug|iPhone
		Debug|iPhoneSimulator = Debug|iPhoneSimulator
		Release|Any CPU = Release|Any CPU
		Release|iPhone = Release|iPhone
		Release|iPhoneSimulator = Release|iPhoneSimulator
	EndGlobalSection
	GlobalSection(ProjectConfigurationPlatforms) = postSolution
		{FE124805-9A30-4D70-A8D7-290B24564AB2}.Debug|Any CPU.ActiveCfg = Debug|Any CPU
		{FE124805-9A30-4D70-A8D7-290B24564AB2}.Debug|Any CPU.Build.0 = Debug|Any CPU
		{FE124805-9A30-4D70-A8D7-290B24564AB2}.Debug|Any CPU.Deploy.0 = Debug|Any CPU
		{FE124805-9A30-4D70-A8D7-290B24564AB2}.Debug|iPhone.ActiveCfg = Debug|Any CPU
		{FE124805-9A30-4D70-A8D7-290B24564AB2}.Debug|iPhone.Build.0 = Debug|Any CPU
		{FE124805-9A30-4D70-A8D7-290B24564AB2}.Debug|iPhone.Deploy.0 = Debug|Any CPU
		{FE124805-9A30-4D70-A8D7-290B24564AB2}.Debug|iPhoneSimulator.ActiveCfg = Debug|Any CPU
		{FE124805-9A30-4D70-A8D7-290B24564AB2}.Debug|iPhoneSimulator.Build.0 = Debug|Any CPU
		{FE124805-9A30-4D70-A8D7-290B24564AB2}.Debug|iPhoneSimulator.Deploy.0 = Debug|Any CPU
		{FE124805-9A30-4D70-A8D7-290B24564AB2}.Release|Any CPU.ActiveCfg = Release|Any CPU
		{FE124805-9A30-4D70-A8D7-290B24564AB2}.Release|Any CPU.Build.0 = Release|Any CPU
		{FE124805-9A30-4D70-A8D7-290B24564AB2}.Release|Any CPU.Deploy.0 = Release|Any CPU
		{FE124805-9A30-4D70-A8D7-290B24564AB2}.Release|iPhone.ActiveCfg = Release|Any CPU
		{FE124805-9A30-4D70-A8D7-290B24564AB2}.Release|iPhone.Build.0 = Release|Any CPU
		{FE124805-9A30-4D70-A8D7-290B24564AB2}.Release|iPhone.Deploy.0 = Release|Any CPU
		{FE124805-9A30-4D70-A8D7-290B24564AB2}.Release|iPhoneSimulator.ActiveCfg = Release|Any CPU
		{FE124805-9A30-4D70-A8D7-290B24564AB2}.Release|iPhoneSimulator.Build.0 = Release|Any CPU
		{FE124805-9A30-4D70-A8D7-290B24564AB2}.Release|iPhoneSimulator.Deploy.0 = Release|Any CPU
		{4A296DC9-E214-4AB1-882C-97E2C50E476B}.Debug|Any CPU.ActiveCfg = Debug|iPhone
		{4A296DC9-E214-4AB1-882C-97E2C50E476B}.Debug|Any CPU.Build.0 = Debug|iPhone
		{4A296DC9-E214-4AB1-882C-97E2C50E476B}.Debug|Any CPU.Deploy.0 = Debug|iPhone
		{4A296DC9-E214-4AB1-882C-97E2C50E476B}.Debug|iPhone.ActiveCfg = Debug|iPhone
		{4A296DC9-E214-4AB1-882C-97E2C50E476B}.Debug|iPhone.Build.0 = Debug|iPhone
		{4A296DC9-E214-4AB1-882C-97E2C50E476B}.Debug|iPhone.Deploy.0 = Debug|iPhone
		{4A296DC9-E214-4AB1-882C-97E2C50E476B}.Debug|iPhoneSimulator.ActiveCfg = Debug|iPhoneSimulator
		{4A296DC9-E214-4AB1-882C-97E2C50E476B}.Debug|iPhoneSimulator.Build.0 = Debug|iPhoneSimulator
		{4A296DC9-E214-4AB1-882C-97E2C50E476B}.Debug|iPhoneSimulator.Deploy.0 = Debug|iPhoneSimulator
		{4A296DC9-E214-4AB1-882C-97E2C50E476B}.Release|Any CPU.ActiveCfg = Release|iPhoneSimulator
		{4A296DC9-E214-4AB1-882C-97E2C50E476B}.Release|Any CPU.Build.0 = Release|iPhoneSimulator
		{4A296DC9-E214-4AB1-882C-97E2C50E476B}.Release|Any CPU.Deploy.0 = Release|iPhoneSimulator
		{4A296DC9-E214-4AB1-882C-97E2C50E476B}.Release|iPhone.ActiveCfg = Release|iPhone
		{4A296DC9-E214-4AB1-882C-97E2C50E476B}.Release|iPhone.Build.0 = Release|iPhone
		{4A296DC9-E214-4AB1-882C-97E2C50E476B}.Release|iPhone.Deploy.0 = Release|iPhone
		{4A296DC9-E214-4AB1-882C-97E2C50E476B}.Release|iPhoneSimulator.ActiveCfg = Release|iPhoneSimulator
		{4A296DC9-E214-4AB1-882C-97E2C50E476B}.Release|iPhoneSimulator.Build.0 = Release|iPhoneSimulator
		{4A296DC9-E214-4AB1-882C-97E2C50E476B}.Release|iPhoneSimulator.Deploy.0 = Release|iPhoneSimulator
		{87D70EFB-5FE3-4A6E-8E42-A3CC29B55E57}.Debug|Any CPU.ActiveCfg = Debug|Any CPU
		{87D70EFB-5FE3-4A6E-8E42-A3CC29B55E57}.Debug|Any CPU.Build.0 = Debug|Any CPU
		{87D70EFB-5FE3-4A6E-8E42-A3CC29B55E57}.Debug|Any CPU.Deploy.0 = Debug|Any CPU
		{87D70EFB-5FE3-4A6E-8E42-A3CC29B55E57}.Debug|iPhone.ActiveCfg = Debug|Any CPU
		{87D70EFB-5FE3-4A6E-8E42-A3CC29B55E57}.Debug|iPhone.Build.0 = Debug|Any CPU
		{87D70EFB-5FE3-4A6E-8E42-A3CC29B55E57}.Debug|iPhone.Deploy.0 = Debug|Any CPU
		{87D70EFB-5FE3-4A6E-8E42-A3CC29B55E57}.Debug|iPhoneSimulator.ActiveCfg = Debug|Any CPU
		{87D70EFB-5FE3-4A6E-8E42-A3CC29B55E57}.Debug|iPhoneSimulator.Build.0 = Debug|Any CPU
		{87D70EFB-5FE3-4A6E-8E42-A3CC29B55E57}.Debug|iPhoneSimulator.Deploy.0 = Debug|Any CPU
		{87D70EFB-5FE3-4A6E-8E42-A3CC29B55E57}.Release|Any CPU.ActiveCfg = Release|Any CPU
		{87D70EFB-5FE3-4A6E-8E42-A3CC29B55E57}.Release|Any CPU.Build.0 = Release|Any CPU
		{87D70EFB-5FE3-4A6E-8E42-A3CC29B55E57}.Release|Any CPU.Deploy.0 = Release|Any CPU
		{87D70EFB-5FE3-4A6E-8E42-A3CC29B55E57}.Release|iPhone.ActiveCfg = Release|Any CPU
		{87D70EFB-5FE3-4A6E-8E42-A3CC29B55E57}.Release|iPhone.Build.0 = Release|Any CPU
		{87D70EFB-5FE3-4A6E-8E42-A3CC29B55E57}.Release|iPhone.Deploy.0 = Release|Any CPU
		{87D70EFB-5FE3-4A6E-8E42-A3CC29B55E57}.Release|iPhoneSimulator.ActiveCfg = Release|Any CPU
		{87D70EFB-5FE3-4A6E-8E42-A3CC29B55E57}.Release|iPhoneSimulator.Build.0 = Release|Any CPU
		{87D70EFB-5FE3-4A6E-8E42-A3CC29B55E57}.Release|iPhoneSimulator.Deploy.0 = Release|Any CPU
	EndGlobalSection
	GlobalSection(SolutionProperties) = preSolution
		HideSolutionNode = FALSE
	EndGlobalSection
	GlobalSection(ExtensibilityGlobals) = postSolution
		SolutionGuid = {E3EDBD06-4307-4854-9994-D3151ADFC41D}
	EndGlobalSection
EndGlobal
